
Microsoft Visual Studio Solution File, Format Version 12.00
# Visual Studio Version 17
VisualStudioVersion = 17.0.31903.59
MinimumVisualStudioVersion = 10.0.40219.1
Project("{FAE04EC0-301F-11D3-BF4B-00C04F79EFBC}") = "Spark.API", "Spark.API\Spark.API.csproj", "{B51AF23F-6790-4FCF-966E-AA7F56108150}"
EndProject
Project("{FAE04EC0-301F-11D3-BF4B-00C04F79EFBC}") = "Spark.Model", "Spark.Model\Spark.Model.csproj", "{42E8C3C8-D058-4812-9191-C81857A358F1}"
EndProject
Global
	GlobalSection(SolutionConfigurationPlatforms) = preSolution
		Debug|Any CPU = Debug|Any CPU
		Release|Any CPU = Release|Any CPU
	EndGlobalSection
	GlobalSection(SolutionProperties) = preSolution
		HideSolutionNode = FALSE
	EndGlobalSection
	GlobalSection(ProjectConfigurationPlatforms) = postSolution
		{B51AF23F-6790-4FCF-966E-AA7F56108150}.Debug|Any CPU.ActiveCfg = Debug|Any CPU
		{B51AF23F-6790-4FCF-966E-AA7F56108150}.Debug|Any CPU.Build.0 = Debug|Any CPU
		{B51AF23F-6790-4FCF-966E-AA7F56108150}.Release|Any CPU.ActiveCfg = Release|Any CPU
		{B51AF23F-6790-4FCF-966E-AA7F56108150}.Release|Any CPU.Build.0 = Release|Any CPU
		{42E8C3C8-D058-4812-9191-C81857A358F1}.Debug|Any CPU.ActiveCfg = Debug|Any CPU
		{42E8C3C8-D058-4812-9191-C81857A358F1}.Debug|Any CPU.Build.0 = Debug|Any CPU
		{42E8C3C8-D058-4812-9191-C81857A358F1}.Release|Any CPU.ActiveCfg = Release|Any CPU
		{42E8C3C8-D058-4812-9191-C81857A358F1}.Release|Any CPU.Build.0 = Release|Any CPU
	EndGlobalSection
EndGlobal
